// !$*UTF8*$!
{
	archiveVersion = 1;
	classes = {
	};
	objectVersion = 46;
	objects = {

/* Begin PBXBuildFile section */
		2E131C651B2CCC060021AE0F /* SagradaFamilia.jpeg in Resources */ = {isa = PBXBuildFile; fileRef = 2E131C641B2CCC060021AE0F /* SagradaFamilia.jpeg */; };
		2E131C671B2CD3880021AE0F /* AlbertEinsteinStamp.jpg in Resources */ = {isa = PBXBuildFile; fileRef = 2E131C661B2CD3880021AE0F /* AlbertEinsteinStamp.jpg */; };
		2EC9CF3D1B2CBBDF00E7CF45 /* AppDelegate.swift in Sources */ = {isa = PBXBuildFile; fileRef = 2EC9CF3C1B2CBBDF00E7CF45 /* AppDelegate.swift */; };
		2EC9CF3F1B2CBBDF00E7CF45 /* ViewController.swift in Sources */ = {isa = PBXBuildFile; fileRef = 2EC9CF3E1B2CBBDF00E7CF45 /* ViewController.swift */; };
		2EC9CF421B2CBBDF00E7CF45 /* Main.storyboard in Resources */ = {isa = PBXBuildFile; fileRef = 2EC9CF401B2CBBDF00E7CF45 /* Main.storyboard */; };
		2EC9CF441B2CBBDF00E7CF45 /* Images.xcassets in Resources */ = {isa = PBXBuildFile; fileRef = 2EC9CF431B2CBBDF00E7CF45 /* Images.xcassets */; };
		2EC9CF471B2CBBDF00E7CF45 /* LaunchScreen.xib in Resources */ = {isa = PBXBuildFile; fileRef = 2EC9CF451B2CBBDF00E7CF45 /* LaunchScreen.xib */; };
		2EC9CF531B2CBBE000E7CF45 /* PostcardTests.swift in Sources */ = {isa = PBXBuildFile; fileRef = 2EC9CF521B2CBBE000E7CF45 /* PostcardTests.swift */; };
/* End PBXBuildFile section */

/* Begin PBXContainerItemProxy section */
		2EC9CF4D1B2CBBE000E7CF45 /* PBXContainerItemProxy */ = {
			isa = PBXContainerItemProxy;
			containerPortal = 2EC9CF2F1B2CBBDE00E7CF45 /* Project object */;
			proxyType = 1;
			remoteGlobalIDString = 2EC9CF361B2CBBDE00E7CF45;
			remoteInfo = Postcard;
		};
/* End PBXContainerItemProxy section */

/* Begin PBXFileReference section */
		2E131C641B2CCC060021AE0F /* SagradaFamilia.jpeg */ = {isa = PBXFileReference; lastKnownFileType = image.jpeg; path = SagradaFamilia.jpeg; sourceTree = "<group>"; };
		2E131C661B2CD3880021AE0F /* AlbertEinsteinStamp.jpg */ = {isa = PBXFileReference; lastKnownFileType = image.jpeg; path = AlbertEinsteinStamp.jpg; sourceTree = "<group>"; };
		2EC9CF371B2CBBDE00E7CF45 /* Postcard.app */ = {isa = PBXFileReference; explicitFileType = wrapper.application; includeInIndex = 0; path = Postcard.app; sourceTree = BUILT_PRODUCTS_DIR; };
		2EC9CF3B1B2CBBDF00E7CF45 /* Info.plist */ = {isa = PBXFileReference; lastKnownFileType = text.plist.xml; path = Info.plist; sourceTree = "<group>"; };
		2EC9CF3C1B2CBBDF00E7CF45 /* AppDelegate.swift */ = {isa = PBXFileReference; lastKnownFileType = sourcecode.swift; path = AppDelegate.swift; sourceTree = "<group>"; };
		2EC9CF3E1B2CBBDF00E7CF45 /* ViewController.swift */ = {isa = PBXFileReference; lastKnownFileType = sourcecode.swift; path = ViewController.swift; sourceTree = "<group>"; };
		2EC9CF411B2CBBDF00E7CF45 /* Base */ = {isa = PBXFileReference; lastKnownFileType = file.storyboard; name = Base; path = Base.lproj/Main.storyboard; sourceTree = "<group>"; };
		2EC9CF431B2CBBDF00E7CF45 /* Images.xcassets */ = {isa = PBXFileReference; lastKnownFileType = folder.assetcatalog; path = Images.xcassets; sourceTree = "<group>"; };
		2EC9CF461B2CBBDF00E7CF45 /* Base */ = {isa = PBXFileReference; lastKnownFileType = file.xib; name = Base; path = Base.lproj/LaunchScreen.xib; sourceTree = "<group>"; };
		2EC9CF4C1B2CBBE000E7CF45 /* PostcardTests.xctest */ = {isa = PBXFileReference; explicitFileType = wrapper.cfbundle; includeInIndex = 0; path = PostcardTests.xctest; sourceTree = BUILT_PRODUCTS_DIR; };
		2EC9CF511B2CBBE000E7CF45 /* Info.plist */ = {isa = PBXFileReference; lastKnownFileType = text.plist.xml; path = Info.plist; sourceTree = "<group>"; };
		2EC9CF521B2CBBE000E7CF45 /* PostcardTests.swift */ = {isa = PBXFileReference; lastKnownFileType = sourcecode.swift; path = PostcardTests.swift; sourceTree = "<group>"; };
/* End PBXFileReference section */

/* Begin PBXFrameworksBuildPhase section */
		2EC9CF341B2CBBDE00E7CF45 /* Frameworks */ = {
			isa = PBXFrameworksBuildPhase;
			buildActionMask = 2147483647;
			files = (
			);
			runOnlyForDeploymentPostprocessing = 0;
		};
		2EC9CF491B2CBBE000E7CF45 /* Frameworks */ = {
			isa = PBXFrameworksBuildPhase;
			buildActionMask = 2147483647;
			files = (
			);
			runOnlyForDeploymentPostprocessing = 0;
		};
/* End PBXFrameworksBuildPhase section */

/* Begin PBXGroup section */
		2EC9CF2E1B2CBBDD00E7CF45 = {
			isa = PBXGroup;
			children = (
				2EC9CF391B2CBBDE00E7CF45 /* Postcard */,
				2EC9CF4F1B2CBBE000E7CF45 /* PostcardTests */,
				2EC9CF381B2CBBDE00E7CF45 /* Products */,
			);
			sourceTree = "<group>";
		};
		2EC9CF381B2CBBDE00E7CF45 /* Products */ = {
			isa = PBXGroup;
			children = (
				2EC9CF371B2CBBDE00E7CF45 /* Postcard.app */,
				2EC9CF4C1B2CBBE000E7CF45 /* PostcardTests.xctest */,
			);
			name = Products;
			sourceTree = "<group>";
		};
		2EC9CF391B2CBBDE00E7CF45 /* Postcard */ = {
			isa = PBXGroup;
			children = (
				2EC9CF3C1B2CBBDF00E7CF45 /* AppDelegate.swift */,
				2EC9CF3E1B2CBBDF00E7CF45 /* ViewController.swift */,
				2EC9CF401B2CBBDF00E7CF45 /* Main.storyboard */,
				2EC9CF431B2CBBDF00E7CF45 /* Images.xcassets */,
				2EC9CF451B2CBBDF00E7CF45 /* LaunchScreen.xib */,
				2EC9CF3A1B2CBBDF00E7CF45 /* Supporting Files */,
			);
			path = Postcard;
			sourceTree = "<group>";
		};
		2EC9CF3A1B2CBBDF00E7CF45 /* Supporting Files */ = {
			isa = PBXGroup;
			children = (
				2E131C661B2CD3880021AE0F /* AlbertEinsteinStamp.jpg */,
				2E131C641B2CCC060021AE0F /* SagradaFamilia.jpeg */,
				2EC9CF3B1B2CBBDF00E7CF45 /* Info.plist */,
			);
			name = "Supporting Files";
			sourceTree = "<group>";
		};
		2EC9CF4F1B2CBBE000E7CF45 /* PostcardTests */ = {
			isa = PBXGroup;
			children = (
				2EC9CF521B2CBBE000E7CF45 /* PostcardTests.swift */,
				2EC9CF501B2CBBE000E7CF45 /* Supporting Files */,
			);
			path = PostcardTests;
			sourceTree = "<group>";
		};
		2EC9CF501B2CBBE000E7CF45 /* Supporting Files */ = {
			isa = PBXGroup;
			children = (
				2EC9CF511B2CBBE000E7CF45 /* Info.plist */,
			);
			name = "Supporting Files";
			sourceTree = "<group>";
		};
/* End PBXGroup section */

/* Begin PBXNativeTarget section */
		2EC9CF361B2CBBDE00E7CF45 /* Postcard */ = {
			isa = PBXNativeTarget;
			buildConfigurationList = 2EC9CF561B2CBBE000E7CF45 /* Build configuration list for PBXNativeTarget "Postcard" */;
			buildPhases = (
				2EC9CF331B2CBBDE00E7CF45 /* Sources */,
				2EC9CF341B2CBBDE00E7CF45 /* Frameworks */,
				2EC9CF351B2CBBDE00E7CF45 /* Resources */,
			);
			buildRules = (
			);
			dependencies = (
			);
			name = Postcard;
			productName = Postcard;
			productReference = 2EC9CF371B2CBBDE00E7CF45 /* Postcard.app */;
			productType = "com.apple.product-type.application";
		};
		2EC9CF4B1B2CBBE000E7CF45 /* PostcardTests */ = {
			isa = PBXNativeTarget;
			buildConfigurationList = 2EC9CF591B2CBBE000E7CF45 /* Build configuration list for PBXNativeTarget "PostcardTests" */;
			buildPhases = (
				2EC9CF481B2CBBE000E7CF45 /* Sources */,
				2EC9CF491B2CBBE000E7CF45 /* Frameworks */,
				2EC9CF4A1B2CBBE000E7CF45 /* Resources */,
			);
			buildRules = (
			);
			dependencies = (
				2EC9CF4E1B2CBBE000E7CF45 /* PBXTargetDependency */,
			);
			name = PostcardTests;
			productName = PostcardTests;
			productReference = 2EC9CF4C1B2CBBE000E7CF45 /* PostcardTests.xctest */;
			productType = "com.apple.product-type.bundle.unit-test";
		};
/* End PBXNativeTarget section */

/* Begin PBXProject section */
		2EC9CF2F1B2CBBDE00E7CF45 /* Project object */ = {
			isa = PBXProject;
			attributes = {
				LastUpgradeCheck = 0630;
				ORGANIZATIONNAME = "Ibraheem Nadeem";
				TargetAttributes = {
					2EC9CF361B2CBBDE00E7CF45 = {
						CreatedOnToolsVersion = 6.3.1;
					};
					2EC9CF4B1B2CBBE000E7CF45 = {
						CreatedOnToolsVersion = 6.3.1;
						TestTargetID = 2EC9CF361B2CBBDE00E7CF45;
					};
				};
			};
			buildConfigurationList = 2EC9CF321B2CBBDE00E7CF45 /* Build configuration list for PBXProject "Postcard" */;
			compatibilityVersion = "Xcode 3.2";
			developmentRegion = English;
			hasScannedForEncodings = 0;
			knownRegions = (
				en,
				Base,
			);
			mainGroup = 2EC9CF2E1B2CBBDD00E7CF45;
			productRefGroup = 2EC9CF381B2CBBDE00E7CF45 /* Products */;
			projectDirPath = "";
			projectRoot = "";
			targets = (
				2EC9CF361B2CBBDE00E7CF45 /* Postcard */,
				2EC9CF4B1B2CBBE000E7CF45 /* PostcardTests */,
			);
		};
/* End PBXProject section */

/* Begin PBXResourcesBuildPhase section */
		2EC9CF351B2CBBDE00E7CF45 /* Resources */ = {
			isa = PBXResourcesBuildPhase;
			buildActionMask = 2147483647;
			files = (
				2EC9CF421B2CBBDF00E7CF45 /* Main.storyboard in Resources */,
				2E131C651B2CCC060021AE0F /* SagradaFamilia.jpeg in Resources */,
				2E131C671B2CD3880021AE0F /* AlbertEinsteinStamp.jpg in Resources */,
				2EC9CF471B2CBBDF00E7CF45 /* LaunchScreen.xib in Resources */,
				2EC9CF441B2CBBDF00E7CF45 /* Images.xcassets in Resources */,
			);
			runOnlyForDeploymentPostprocessing = 0;
		};
		2EC9CF4A1B2CBBE000E7CF45 /* Resources */ = {
			isa = PBXResourcesBuildPhase;
			buildActionMask = 2147483647;
			files = (
			);
			runOnlyForDeploymentPostprocessing = 0;
		};
/* End PBXResourcesBuildPhase section */

/* Begin PBXSourcesBuildPhase section */
		2EC9CF331B2CBBDE00E7CF45 /* Sources */ = {
			isa = PBXSourcesBuildPhase;
			buildActionMask = 2147483647;
			files = (
				2EC9CF3F1B2CBBDF00E7CF45 /* ViewController.swift in Sources */,
				2EC9CF3D1B2CBBDF00E7CF45 /* AppDelegate.swift in Sources */,
			);
			runOnlyForDeploymentPostprocessing = 0;
		};
		2EC9CF481B2CBBE000E7CF45 /* Sources */ = {
			isa = PBXSourcesBuildPhase;
			buildActionMask = 2147483647;
			files = (
				2EC9CF531B2CBBE000E7CF45 /* PostcardTests.swift in Sources */,
			);
			runOnlyForDeploymentPostprocessing = 0;
		};
/* End PBXSourcesBuildPhase section */

/* Begin PBXTargetDependency section */
		2EC9CF4E1B2CBBE000E7CF45 /* PBXTargetDependency */ = {
			isa = PBXTargetDependency;
			target = 2EC9CF361B2CBBDE00E7CF45 /* Postcard */;
			targetProxy = 2EC9CF4D1B2CBBE000E7CF45 /* PBXContainerItemProxy */;
		};
/* End PBXTargetDependency section */

/* Begin PBXVariantGroup section */
		2EC9CF401B2CBBDF00E7CF45 /* Main.storyboard */ = {
			isa = PBXVariantGroup;
			children = (
				2EC9CF411B2CBBDF00E7CF45 /* Base */,
			);
			name = Main.storyboard;
			sourceTree = "<group>";
		};
		2EC9CF451B2CBBDF00E7CF45 /* LaunchScreen.xib */ = {
			isa = PBXVariantGroup;
			children = (
				2EC9CF461B2CBBDF00E7CF45 /* Base */,
			);
			name = LaunchScreen.xib;
			sourceTree = "<group>";
		};
/* End PBXVariantGroup section */

/* Begin XCBuildConfiguration section */
		2EC9CF541B2CBBE000E7CF45 /* Debug */ = {
			isa = XCBuildConfiguration;
			buildSettings = {
				ALWAYS_SEARCH_USER_PATHS = NO;
				CLANG_CXX_LANGUAGE_STANDARD = "gnu++0x";
				CLANG_CXX_LIBRARY = "libc++";
				CLANG_ENABLE_MODULES = YES;
				CLANG_ENABLE_OBJC_ARC = YES;
				CLANG_WARN_BOOL_CONVERSION = YES;
				CLANG_WARN_CONSTANT_CONVERSION = YES;
				CLANG_WARN_DIRECT_OBJC_ISA_USAGE = YES_ERROR;
				CLANG_WARN_EMPTY_BODY = YES;
				CLANG_WARN_ENUM_CONVERSION = YES;
				CLANG_WARN_INT_CONVERSION = YES;
				CLANG_WARN_OBJC_ROOT_CLASS = YES_ERROR;
				CLANG_WARN_UNREACHABLE_CODE = YES;
				CLANG_WARN__DUPLICATE_METHOD_MATCH = YES;
				"CODE_SIGN_IDENTITY[sdk=iphoneos*]" = "iPhone Developer";
				COPY_PHASE_STRIP = NO;
				DEBUG_INFORMATION_FORMAT = "dwarf-with-dsym";
				ENABLE_STRICT_OBJC_MSGSEND = YES;
				GCC_C_LANGUAGE_STANDARD = gnu99;
				GCC_DYNAMIC_NO_PIC = NO;
				GCC_NO_COMMON_BLOCKS = YES;
				GCC_OPTIMIZATION_LEVEL = 0;
				GCC_PREPROCESSOR_DEFINITIONS = (
					"DEBUG=1",
					"$(inherited)",
				);
				GCC_SYMBOLS_PRIVATE_EXTERN = NO;
				GCC_WARN_64_TO_32_BIT_CONVERSION = YES;
				GCC_WARN_ABOUT_RETURN_TYPE = YES_ERROR;
				GCC_WARN_UNDECLARED_SELECTOR = YES;
				GCC_WARN_UNINITIALIZED_AUTOS = YES_AGGRESSIVE;
				GCC_WARN_UNUSED_FUNCTION = YES;
				GCC_WARN_UNUSED_VARIABLE = YES;
				IPHONEOS_DEPLOYMENT_TARGET = 8.3;
				MTL_ENABLE_DEBUG_INFO = YES;
				ONLY_ACTIVE_ARCH = YES;
				SDKROOT = iphoneos;
				SWIFT_OPTIMIZATION_LEVEL = "-Onone";
				TARGETED_DEVICE_FAMILY = "1,2";
			};
			name = Debug;
		};
		2EC9CF551B2CBBE000E7CF45 /* Release */ = {
			isa = XCBuildConfiguration;
			buildSettings = {
				ALWAYS_SEARCH_USER_PATHS = NO;
				CLANG_CXX_LANGUAGE_STANDARD = "gnu++0x";
				CLANG_CXX_LIBRARY = "libc++";
				CLANG_ENABLE_MODULES = YES;
				CLANG_ENABLE_OBJC_ARC = YES;
				CLANG_WARN_BOOL_CONVERSION = YES;
				CLANG_WARN_CONSTANT_CONVERSION = YES;
				CLANG_WARN_DIRECT_OBJC_ISA_USAGE = YES_ERROR;
				CLANG_WARN_EMPTY_BODY = YES;
				CLANG_WARN_ENUM_CONVERSION = YES;
				CLANG_WARN_INT_CONVERSION = YES;
				CLANG_WARN_OBJC_ROOT_CLASS = YES_ERROR;
				CLANG_WARN_UNREACHABLE_CODE = YES;
				CLANG_WARN__DUPLICATE_METHOD_MATCH = YES;
				"CODE_SIGN_IDENTITY[sdk=iphoneos*]" = "iPhone Developer";
				COPY_PHASE_STRIP = NO;
				DEBUG_INFORMATION_FORMAT = "dwarf-with-dsym";
				ENABLE_NS_ASSERTIONS = NO;
				ENABLE_STRICT_OBJC_MSGSEND = YES;
				GCC_C_LANGUAGE_STANDARD = gnu99;
				GCC_NO_COMMON_BLOCKS = YES;
				GCC_WARN_64_TO_32_BIT_CONVERSION = YES;
				GCC_WARN_ABOUT_RETURN_TYPE = YES_ERROR;
				GCC_WARN_UNDECLARED_SELECTOR = YES;
				GCC_WARN_UNINITIALIZED_AUTOS = YES_AGGRESSIVE;
				GCC_WARN_UNUSED_FUNCTION = YES;
				GCC_WARN_UNUSED_VARIABLE = YES;
				IPHONEOS_DEPLOYMENT_TARGET = 8.3;
				MTL_ENABLE_DEBUG_INFO = NO;
				SDKROOT = iphoneos;
				TARGETED_DEVICE_FAMILY = "1,2";
				VALIDATE_PRODUCT = YES;
			};
			name = Release;
		};
		2EC9CF571B2CBBE000E7CF45 /* Debug */ = {
			isa = XCBuildConfiguration;
			buildSettings = {
				ASSETCATALOG_COMPILER_APPICON_NAME = AppIcon;
				INFOPLIST_FILE = Postcard/Info.plist;
				LD_RUNPATH_SEARCH_PATHS = "$(inherited) @executable_path/Frameworks";
				PRODUCT_NAME = "$(TARGET_NAME)";
			};
			name = Debug;
		};
		2EC9CF581B2CBBE000E7CF45 /* Release */ = {
			isa = XCBuildConfiguration;
			buildSettings = {
				ASSETCATALOG_COMPILER_APPICON_NAME = AppIcon;
				INFOPLIST_FILE = Postcard/Info.plist;
				LD_RUNPATH_SEARCH_PATHS = "$(inherited) @executable_path/Frameworks";
				PRODUCT_NAME = "$(TARGET_NAME)";
			};
			name = Release;
		};
		2EC9CF5A1B2CBBE000E7CF45 /* Debug */ = {
			isa = XCBuildConfiguration;
			buildSettings = {
				BUNDLE_LOADER = "$(TEST_HOST)";
				FRAMEWORK_SEARCH_PATHS = (
					"$(SDKROOT)/Developer/Library/Frameworks",
					"$(inherited)",
				);
				GCC_PREPROCESSOR_DEFINITIONS = (
					"DEBUG=1",
					"$(inherited)",
				);
				INFOPLIST_FILE = PostcardTests/Info.plist;
				LD_RUNPATH_SEARCH_PATHS = "$(inherited) @executable_path/Frameworks @loader_path/Frameworks";
				PRODUCT_NAME = "$(TARGET_NAME)";
				TEST_HOST = "$(BUILT_PRODUCTS_DIR)/Postcard.app/Postcard";
			};
			name = Debug;
		};
		2EC9CF5B1B2CBBE000E7CF45 /* Release */ = {
			isa = XCBuildConfiguration;
			buildSettings = {
				BUNDLE_LOADER = "$(TEST_HOST)";
				FRAMEWORK_SEARCH_PATHS = (
					"$(SDKROOT)/Developer/Library/Frameworks",
					"$(inherited)",
				);
				INFOPLIST_FILE = PostcardTests/Info.plist;
				LD_RUNPATH_SEARCH_PATHS = "$(inherited) @executable_path/Frameworks @loader_path/Frameworks";
				PRODUCT_NAME = "$(TARGET_NAME)";
				TEST_HOST = "$(BUILT_PRODUCTS_DIR)/Postcard.app/Postcard";
			};
			name = Release;
		};
/* End XCBuildConfiguration section */

/* Begin XCConfigurationList section */
		2EC9CF321B2CBBDE00E7CF45 /* Build configuration list for PBXProject "Postcard" */ = {
			isa = XCConfigurationList;
			buildConfigurations = (
				2EC9CF541B2CBBE000E7CF45 /* Debug */,
				2EC9CF551B2CBBE000E7CF45 /* Release */,
			);
			defaultConfigurationIsVisible = 0;
			defaultConfigurationName = Release;
		};
		2EC9CF561B2CBBE000E7CF45 /* Build configuration list for PBXNativeTarget "Postcard" */ = {
			isa = XCConfigurationList;
			buildConfigurations = (
				2EC9CF571B2CBBE000E7CF45 /* Debug */,
				2EC9CF581B2CBBE000E7CF45 /* Release */,
			);
			defaultConfigurationIsVisible = 0;
			defaultConfigurationName = Release;
		};
		2EC9CF591B2CBBE000E7CF45 /* Build configuration list for PBXNativeTarget "PostcardTests" */ = {
			isa = XCConfigurationList;
			buildConfigurations = (
				2EC9CF5A1B2CBBE000E7CF45 /* Debug */,
				2EC9CF5B1B2CBBE000E7CF45 /* Release */,
			);
			defaultConfigurationIsVisible = 0;
			defaultConfigurationName = Release;
		};
/* End XCConfigurationList section */
	};
	rootObject = 2EC9CF2F1B2CBBDE00E7CF45 /* Project object */;
}
